
Microsoft Visual Studio Solution File, Format Version 12.00
# Visual Studio Version 17
VisualStudioVersion = 17.8.34525.116
MinimumVisualStudioVersion = 10.0.40219.1
Project("{FAE04EC0-301F-11D3-BF4B-00C04F79EFBC}") = "Search-Algorythm", "Search-Algorythm\Search-Algorythm.csproj", "{DBAA07BC-28D7-4224-B1BF-AEEB0A7EF173}"
EndProject
Global
	GlobalSection(SolutionConfigurationPlatforms) = preSolution
		Debug|Any CPU = Debug|Any CPU
		Release|Any CPU = Release|Any CPU
	EndGlobalSection
	GlobalSection(ProjectConfigurationPlatforms) = postSolution
		{DBAA07BC-28D7-4224-B1BF-AEEB0A7EF173}.Debug|Any CPU.ActiveCfg = Debug|Any CPU
		{DBAA07BC-28D7-4224-B1BF-AEEB0A7EF173}.Debug|Any CPU.Build.0 = Debug|Any CPU
		{DBAA07BC-28D7-4224-B1BF-AEEB0A7EF173}.Release|Any CPU.ActiveCfg = Release|Any CPU
		{DBAA07BC-28D7-4224-B1BF-AEEB0A7EF173}.Release|Any CPU.Build.0 = Release|Any CPU
	EndGlobalSection
	GlobalSection(SolutionProperties) = preSolution
		HideSolutionNode = FALSE
	EndGlobalSection
	GlobalSection(ExtensibilityGlobals) = postSolution
		SolutionGuid = {1EFC7A9A-3BE5-47D9-9C47-6A70084729B5}
	EndGlobalSection
EndGlobal
